# This file is automatically @generated by Cargo.
# It is not intended for manual editing.
version = 4

[[package]]
name = "dyno-adm"
version = "0.1.0"

[[package]]
name = "dyno-api"
version = "0.1.0"

[[package]]
name = "dyno-coordinator"
version = "0.1.0"

[[package]]
name = "dyno-ctl"
version = "0.1.0"

[[package]]
name = "dyno-lib"
version = "0.1.0"

[[package]]
name = "dyno-worker-aws"
version = "0.1.0"

[[package]]
name = "dyno-worker-docker"
version = "0.1.0"

[[package]]
name = "dyno-worker-kubernetes"
version = "0.1.0"

[[package]]
name = "dyno-worker-linux"
version = "0.1.0"

[[package]]
name = "dyno-worker-misc"
version = "0.1.0"

[[package]]
name = "dyno-worker-postgres"
version = "0.1.0"

[[package]]
name = "dyno-worker-windows"
version = "0.1.0"
